
Microsoft Visual Studio Solution File, Format Version 12.00
# Visual Studio Version 17
VisualStudioVersion = 17.10.34928.147
MinimumVisualStudioVersion = 10.0.40219.1
Project("{FAE04EC0-301F-11D3-BF4B-00C04F79EFBC}") = "Launcher", "Launcher\Launcher.csproj", "{D80ABE33-18FD-492F-B371-B8211D075D19}"
EndProject
Project("{FAE04EC0-301F-11D3-BF4B-00C04F79EFBC}") = "Core", "Core\Core.csproj", "{47E42556-B861-4005-A066-DEAC0AFC92D2}"
EndProject
Project("{FAE04EC0-301F-11D3-BF4B-00C04F79EFBC}") = "Services", "Services\Services.csproj", "{7D094930-6761-469A-BDF6-F6A5007F0D26}"
EndProject
Global
	GlobalSection(SolutionConfigurationPlatforms) = preSolution
		Debug|Any CPU = Debug|Any CPU
		Release|Any CPU = Release|Any CPU
	EndGlobalSection
	GlobalSection(ProjectConfigurationPlatforms) = postSolution
		{D80ABE33-18FD-492F-B371-B8211D075D19}.Debug|Any CPU.ActiveCfg = Debug|Any CPU
		{D80ABE33-18FD-492F-B371-B8211D075D19}.Debug|Any CPU.Build.0 = Debug|Any CPU
		{D80ABE33-18FD-492F-B371-B8211D075D19}.Release|Any CPU.ActiveCfg = Release|Any CPU
		{D80ABE33-18FD-492F-B371-B8211D075D19}.Release|Any CPU.Build.0 = Release|Any CPU
		{47E42556-B861-4005-A066-DEAC0AFC92D2}.Debug|Any CPU.ActiveCfg = Debug|Any CPU
		{47E42556-B861-4005-A066-DEAC0AFC92D2}.Debug|Any CPU.Build.0 = Debug|Any CPU
		{47E42556-B861-4005-A066-DEAC0AFC92D2}.Release|Any CPU.ActiveCfg = Release|Any CPU
		{47E42556-B861-4005-A066-DEAC0AFC92D2}.Release|Any CPU.Build.0 = Release|Any CPU
		{7D094930-6761-469A-BDF6-F6A5007F0D26}.Debug|Any CPU.ActiveCfg = Debug|Any CPU
		{7D094930-6761-469A-BDF6-F6A5007F0D26}.Debug|Any CPU.Build.0 = Debug|Any CPU
		{7D094930-6761-469A-BDF6-F6A5007F0D26}.Release|Any CPU.ActiveCfg = Release|Any CPU
		{7D094930-6761-469A-BDF6-F6A5007F0D26}.Release|Any CPU.Build.0 = Release|Any CPU
	EndGlobalSection
	GlobalSection(SolutionProperties) = preSolution
		HideSolutionNode = FALSE
	EndGlobalSection
	GlobalSection(ExtensibilityGlobals) = postSolution
		SolutionGuid = {EF49C376-681A-4DFB-AA3A-66A3C7B59225}
	EndGlobalSection
EndGlobal
